
Microsoft Visual Studio Solution File, Format Version 12.00
# Visual Studio Version 17
VisualStudioVersion = 17.5.33516.290
MinimumVisualStudioVersion = 10.0.40219.1
Project("{FAE04EC0-301F-11D3-BF4B-00C04F79EFBC}") = "Home_work_Lesson-9", "Home_work_Lesson-9\Home_work_Lesson-9.csproj", "{6429775B-5E51-478D-B358-7E8FFC3067E6}"
EndProject
Global
	GlobalSection(SolutionConfigurationPlatforms) = preSolution
		Debug|Any CPU = Debug|Any CPU
		Release|Any CPU = Release|Any CPU
	EndGlobalSection
	GlobalSection(ProjectConfigurationPlatforms) = postSolution
		{6429775B-5E51-478D-B358-7E8FFC3067E6}.Debug|Any CPU.ActiveCfg = Debug|Any CPU
		{6429775B-5E51-478D-B358-7E8FFC3067E6}.Debug|Any CPU.Build.0 = Debug|Any CPU
		{6429775B-5E51-478D-B358-7E8FFC3067E6}.Release|Any CPU.ActiveCfg = Release|Any CPU
		{6429775B-5E51-478D-B358-7E8FFC3067E6}.Release|Any CPU.Build.0 = Release|Any CPU
	EndGlobalSection
	GlobalSection(SolutionProperties) = preSolution
		HideSolutionNode = FALSE
	EndGlobalSection
	GlobalSection(ExtensibilityGlobals) = postSolution
		SolutionGuid = {0566C899-8FA9-44CD-A506-822E52147719}
	EndGlobalSection
EndGlobal
